
Microsoft Visual Studio Solution File, Format Version 10.00
# Visual Studio 2008
Project("{FAE04EC0-301F-11D3-BF4B-00C04F79EFBC}") = "Smeedee.iOS", "Smeedee.iOS\Smeedee.iOS.csproj", "{05B2410B-D6B5-4D96-B991-C9F8CFDED269}"
EndProject
Project("{FAE04EC0-301F-11D3-BF4B-00C04F79EFBC}") = "Smeedee", "Smeedee\Smeedee.csproj", "{AF18AD1D-665E-4E1C-932E-B6EFC18F6D5A}"
EndProject
Project("{FAE04EC0-301F-11D3-BF4B-00C04F79EFBC}") = "Smeedee.UnitTests", "Smeedee.UnitTests\Smeedee.UnitTests.csproj", "{86A0B61A-4728-4D91-8CA3-DFC3810935F0}"
EndProject
Global
	GlobalSection(SolutionConfigurationPlatforms) = preSolution
		Debug|iPhoneSimulator = Debug|iPhoneSimulator
		Release|iPhoneSimulator = Release|iPhoneSimulator
		Debug|iPhone = Debug|iPhone
		Release|iPhone = Release|iPhone
	EndGlobalSection
	GlobalSection(ProjectConfigurationPlatforms) = postSolution
		{05B2410B-D6B5-4D96-B991-C9F8CFDED269}.Debug|iPhone.ActiveCfg = Debug|iPhone
		{05B2410B-D6B5-4D96-B991-C9F8CFDED269}.Debug|iPhone.Build.0 = Debug|iPhone
		{05B2410B-D6B5-4D96-B991-C9F8CFDED269}.Debug|iPhoneSimulator.ActiveCfg = Debug|iPhoneSimulator
		{05B2410B-D6B5-4D96-B991-C9F8CFDED269}.Debug|iPhoneSimulator.Build.0 = Debug|iPhoneSimulator
		{05B2410B-D6B5-4D96-B991-C9F8CFDED269}.Release|iPhone.ActiveCfg = Release|iPhone
		{05B2410B-D6B5-4D96-B991-C9F8CFDED269}.Release|iPhone.Build.0 = Release|iPhone
		{05B2410B-D6B5-4D96-B991-C9F8CFDED269}.Release|iPhoneSimulator.ActiveCfg = Release|iPhoneSimulator
		{05B2410B-D6B5-4D96-B991-C9F8CFDED269}.Release|iPhoneSimulator.Build.0 = Release|iPhoneSimulator
		{86A0B61A-4728-4D91-8CA3-DFC3810935F0}.Debug|iPhone.ActiveCfg = Debug|Any CPU
		{86A0B61A-4728-4D91-8CA3-DFC3810935F0}.Debug|iPhone.Build.0 = Debug|Any CPU
		{86A0B61A-4728-4D91-8CA3-DFC3810935F0}.Debug|iPhoneSimulator.ActiveCfg = Debug|Any CPU
		{86A0B61A-4728-4D91-8CA3-DFC3810935F0}.Debug|iPhoneSimulator.Build.0 = Debug|Any CPU
		{86A0B61A-4728-4D91-8CA3-DFC3810935F0}.Release|iPhone.ActiveCfg = Release|Any CPU
		{86A0B61A-4728-4D91-8CA3-DFC3810935F0}.Release|iPhone.Build.0 = Release|Any CPU
		{86A0B61A-4728-4D91-8CA3-DFC3810935F0}.Release|iPhoneSimulator.ActiveCfg = Release|Any CPU
		{86A0B61A-4728-4D91-8CA3-DFC3810935F0}.Release|iPhoneSimulator.Build.0 = Release|Any CPU
		{AF18AD1D-665E-4E1C-932E-B6EFC18F6D5A}.Debug|iPhone.ActiveCfg = Debug|Any CPU
		{AF18AD1D-665E-4E1C-932E-B6EFC18F6D5A}.Debug|iPhone.Build.0 = Debug|Any CPU
		{AF18AD1D-665E-4E1C-932E-B6EFC18F6D5A}.Debug|iPhoneSimulator.ActiveCfg = Debug|Any CPU
		{AF18AD1D-665E-4E1C-932E-B6EFC18F6D5A}.Debug|iPhoneSimulator.Build.0 = Debug|Any CPU
		{AF18AD1D-665E-4E1C-932E-B6EFC18F6D5A}.Release|iPhone.ActiveCfg = Release|Any CPU
		{AF18AD1D-665E-4E1C-932E-B6EFC18F6D5A}.Release|iPhone.Build.0 = Release|Any CPU
		{AF18AD1D-665E-4E1C-932E-B6EFC18F6D5A}.Release|iPhoneSimulator.ActiveCfg = Release|Any CPU
		{AF18AD1D-665E-4E1C-932E-B6EFC18F6D5A}.Release|iPhoneSimulator.Build.0 = Release|Any CPU
	EndGlobalSection
	GlobalSection(MonoDevelopProperties) = preSolution
		StartupItem = Smeedee.iOS\Smeedee.iOS.csproj
	EndGlobalSection
EndGlobal
