
Microsoft Visual Studio Solution File, Format Version 11.00
# Visual Studio 2010
Project("{FAE04EC0-301F-11D3-BF4B-00C04F79EFBC}") = "Smeedee.Android", "Smeedee.Android\Smeedee.Android.csproj", "{D8BA034F-A5B3-4BE4-AC6D-6A61E0FB7FC0}"
EndProject
Project("{FAE04EC0-301F-11D3-BF4B-00C04F79EFBC}") = "Smeedee.UnitTests", "Smeedee.UnitTests\Smeedee.UnitTests.csproj", "{86A0B61A-4728-4D91-8CA3-DFC3810935F0}"
EndProject
Project("{FAE04EC0-301F-11D3-BF4B-00C04F79EFBC}") = "Smeedee", "Smeedee\Smeedee.csproj", "{AF18AD1D-665E-4E1C-932E-B6EFC18F6D5A}"
EndProject
Project("{FAE04EC0-301F-11D3-BF4B-00C04F79EFBC}") = "Smeedee.IntegrationTests", "Smeedee.IntegrationTests\Smeedee.IntegrationTests.csproj", "{5A6176F1-8CBE-4253-B4F2-C59FB3FE9514}"
EndProject
Project("{2150E333-8FDC-42A3-9474-1A3956D46DE8}") = "Solution Items", "Solution Items", "{4F880E12-BA3C-4AE6-9342-BA0B9F5FB7C2}"
EndProject
Global
	GlobalSection(TestCaseManagementSettings) = postSolution
		CategoryFile = Smeedee.Android.vsmdi
	EndGlobalSection
	GlobalSection(SolutionConfigurationPlatforms) = preSolution
		Debug|Any CPU = Debug|Any CPU
		Release|Any CPU = Release|Any CPU
	EndGlobalSection
	GlobalSection(ProjectConfigurationPlatforms) = postSolution
		{D8BA034F-A5B3-4BE4-AC6D-6A61E0FB7FC0}.Debug|Any CPU.ActiveCfg = Debug|Any CPU
		{D8BA034F-A5B3-4BE4-AC6D-6A61E0FB7FC0}.Debug|Any CPU.Build.0 = Debug|Any CPU
		{D8BA034F-A5B3-4BE4-AC6D-6A61E0FB7FC0}.Debug|Any CPU.Deploy.0 = Debug|Any CPU
		{D8BA034F-A5B3-4BE4-AC6D-6A61E0FB7FC0}.Release|Any CPU.ActiveCfg = Release|Any CPU
		{D8BA034F-A5B3-4BE4-AC6D-6A61E0FB7FC0}.Release|Any CPU.Build.0 = Release|Any CPU
		{D8BA034F-A5B3-4BE4-AC6D-6A61E0FB7FC0}.Release|Any CPU.Deploy.0 = Release|Any CPU
		{86A0B61A-4728-4D91-8CA3-DFC3810935F0}.Debug|Any CPU.ActiveCfg = Debug|Any CPU
		{86A0B61A-4728-4D91-8CA3-DFC3810935F0}.Debug|Any CPU.Build.0 = Debug|Any CPU
		{86A0B61A-4728-4D91-8CA3-DFC3810935F0}.Release|Any CPU.ActiveCfg = Release|Any CPU
		{86A0B61A-4728-4D91-8CA3-DFC3810935F0}.Release|Any CPU.Build.0 = Release|Any CPU
		{AF18AD1D-665E-4E1C-932E-B6EFC18F6D5A}.Debug|Any CPU.ActiveCfg = Debug|Any CPU
		{AF18AD1D-665E-4E1C-932E-B6EFC18F6D5A}.Debug|Any CPU.Build.0 = Debug|Any CPU
		{AF18AD1D-665E-4E1C-932E-B6EFC18F6D5A}.Release|Any CPU.ActiveCfg = Release|Any CPU
		{AF18AD1D-665E-4E1C-932E-B6EFC18F6D5A}.Release|Any CPU.Build.0 = Release|Any CPU
		{5A6176F1-8CBE-4253-B4F2-C59FB3FE9514}.Debug|Any CPU.ActiveCfg = Debug|Any CPU
		{5A6176F1-8CBE-4253-B4F2-C59FB3FE9514}.Debug|Any CPU.Build.0 = Debug|Any CPU
		{5A6176F1-8CBE-4253-B4F2-C59FB3FE9514}.Release|Any CPU.ActiveCfg = Release|Any CPU
		{5A6176F1-8CBE-4253-B4F2-C59FB3FE9514}.Release|Any CPU.Build.0 = Release|Any CPU
	EndGlobalSection
	GlobalSection(SolutionProperties) = preSolution
		HideSolutionNode = FALSE
	EndGlobalSection
EndGlobal
